
Microsoft Visual Studio Solution File, Format Version 12.00
# Visual Studio Version 16
VisualStudioVersion = 16.0.29613.14
MinimumVisualStudioVersion = 10.0.40219.1
Project("{FAE04EC0-301F-11D3-BF4B-00C04F79EFBC}") = "TestTask", "TestTask\TestTask.csproj", "{2C4D7890-1E71-429D-BD2F-595F0EB918FE}"
EndProject
Global
	GlobalSection(SolutionConfigurationPlatforms) = preSolution
		Debug|Any CPU = Debug|Any CPU
		Release|Any CPU = Release|Any CPU
	EndGlobalSection
	GlobalSection(ProjectConfigurationPlatforms) = postSolution
		{2C4D7890-1E71-429D-BD2F-595F0EB918FE}.Debug|Any CPU.ActiveCfg = Debug|Any CPU
		{2C4D7890-1E71-429D-BD2F-595F0EB918FE}.Debug|Any CPU.Build.0 = Debug|Any CPU
		{2C4D7890-1E71-429D-BD2F-595F0EB918FE}.Release|Any CPU.ActiveCfg = Release|Any CPU
		{2C4D7890-1E71-429D-BD2F-595F0EB918FE}.Release|Any CPU.Build.0 = Release|Any CPU
	EndGlobalSection
	GlobalSection(SolutionProperties) = preSolution
		HideSolutionNode = FALSE
	EndGlobalSection
	GlobalSection(ExtensibilityGlobals) = postSolution
		SolutionGuid = {E9218E2D-2CD0-436A-8CE6-2047795A5655}
	EndGlobalSection
EndGlobal
